{
  "version": "5",
  "specifiers": {
    "jsr:@std/assert@*": "1.0.14",
    "jsr:@std/internal@^1.0.10": "1.0.10"
  },
  "jsr": {
    "@std/assert@1.0.14": {
      "integrity": "68d0d4a43b365abc927f45a9b85c639ea18a9fab96ad92281e493e4ed84abaa4",
      "dependencies": [
        "jsr:@std/internal"
      ]
    },
    "@std/internal@1.0.10": {
      "integrity": "e3be62ce42cab0e177c27698e5d9800122f67b766a0bea6ca4867886cbde8cf7"
    }
  },
  "workspace": {
    "packageJson": {
      "dependencies": [
        "npm:@eslint/js@^10.0.1",
        "npm:@swc/core@^1.16.2",
        "npm:@swc/jest@~0.2.39",
        "npm:@types/jest@30",
        "npm:@types/node@^22.20.2",
        "npm:@typescript-eslint/eslint-plugin@^8.70.0",
        "npm:@typescript-eslint/parser@^8.70.0",
        "npm:bun-types@^1.4.2",
        "npm:eslint-config-prettier@^10.1.8",
        "npm:eslint-plugin-prettier@^5.5.6",
        "npm:eslint@^10.10.0",
        "npm:jest@^30.5.1",
        "npm:knip@^6.35.1",
        "npm:lefthook@^2.1.12",
        "npm:prettier@^3.9.6",
        "npm:tsup@^8.5.1",
        "npm:tsx@^4.23.13",
        "npm:typedoc@~0.28.20",
        "npm:typescript@^6.0.3"
      ]
    }
  }
}
